# This file is autogenerated, do not edit; changes may be undone by the next 'dep ensure'.


[[projects]]
  branch = "master"
  name = "github.com/common-nighthawk/go-figure"
  packages = ["."]
  revision = "18b2b544842cab16f3ff418fb5290d8f2896a069"

[solve-meta]
  analyzer-name = "dep"
  analyzer-version = 1
  inputs-digest = "ee0e88c0f767f9785b323f9b8633ea577bca211194c5d98bbe0f3530331d2899"
  solver-name = "gps-cdcl"
  solver-version = 1
